
Microsoft Visual Studio Solution File, Format Version 12.00
# Visual Studio Version 17
VisualStudioVersion = 17.13.35825.156 d17.13
MinimumVisualStudioVersion = 10.0.40219.1
Project("{FAE04EC0-301F-11D3-BF4B-00C04F79EFBC}") = "hotel_system", "hotel_system.csproj", "{D28BBEE6-9462-4E4F-B07A-FD4333E3229B}"
EndProject
Global
	GlobalSection(SolutionConfigurationPlatforms) = preSolution
		Debug|Any CPU = Debug|Any CPU
		Release|Any CPU = Release|Any CPU
	EndGlobalSection
	GlobalSection(ProjectConfigurationPlatforms) = postSolution
		{D28BBEE6-9462-4E4F-B07A-FD4333E3229B}.Debug|Any CPU.ActiveCfg = Debug|Any CPU
		{D28BBEE6-9462-4E4F-B07A-FD4333E3229B}.Debug|Any CPU.Build.0 = Debug|Any CPU
		{D28BBEE6-9462-4E4F-B07A-FD4333E3229B}.Release|Any CPU.ActiveCfg = Release|Any CPU
		{D28BBEE6-9462-4E4F-B07A-FD4333E3229B}.Release|Any CPU.Build.0 = Release|Any CPU
	EndGlobalSection
	GlobalSection(SolutionProperties) = preSolution
		HideSolutionNode = FALSE
	EndGlobalSection
	GlobalSection(ExtensibilityGlobals) = postSolution
		SolutionGuid = {D8B245E3-8AC4-4253-AF35-A04F02977C39}
	EndGlobalSection
EndGlobal
